
Microsoft Visual Studio Solution File, Format Version 12.00
# Visual Studio Version 17
VisualStudioVersion = 17.2.32526.322
MinimumVisualStudioVersion = 10.0.40219.1
Project("{FAE04EC0-301F-11D3-BF4B-00C04F79EFBC}") = "ExtendedPedWeaponPool", "ExtendedPedWeaponPool\ExtendedPedWeaponPool.csproj", "{A7087326-488B-4EB4-B9D3-0F746D2917DD}"
EndProject
Global
	GlobalSection(SolutionConfigurationPlatforms) = preSolution
		Debug|Any CPU = Debug|Any CPU
		Release|Any CPU = Release|Any CPU
	EndGlobalSection
	GlobalSection(ProjectConfigurationPlatforms) = postSolution
		{A7087326-488B-4EB4-B9D3-0F746D2917DD}.Debug|Any CPU.ActiveCfg = Debug|Any CPU
		{A7087326-488B-4EB4-B9D3-0F746D2917DD}.Debug|Any CPU.Build.0 = Debug|Any CPU
		{A7087326-488B-4EB4-B9D3-0F746D2917DD}.Release|Any CPU.ActiveCfg = Release|Any CPU
		{A7087326-488B-4EB4-B9D3-0F746D2917DD}.Release|Any CPU.Build.0 = Release|Any CPU
	EndGlobalSection
	GlobalSection(SolutionProperties) = preSolution
		HideSolutionNode = FALSE
	EndGlobalSection
	GlobalSection(ExtensibilityGlobals) = postSolution
		SolutionGuid = {686B564A-0112-4933-9855-0F0B6A839095}
	EndGlobalSection
EndGlobal
